<?xml version="1.0" encoding="utf-8"?>
<Project ToolsVersion="4.0" xmlns="http://schemas.microsoft.com/developer/msbuild/2003">
  <ItemGroup>
    <Filter Include="Quelldateien">
      <UniqueIdentifier>{4FC737F1-C7A5-4376-A066-2A32D752A2FF}</UniqueIdentifier>
      <Extensions>cpp;c;cc;cxx;def;odl;idl;hpj;bat;asm;asmx</Extensions>
    </Filter>
    <Filter Include="Headerdateien">
      <UniqueIdentifier>{93995380-89BD-4b04-88EB-625FBE52EBFB}</UniqueIdentifier>
      <Extensions>h;hpp;hxx;hm;inl;inc;xsd</Extensions>
    </Filter>
    <Filter Include="Ressourcendateien">
      <UniqueIdentifier>{67DA6AB6-F800-4c08-8B7A-83BB121AAD01}</UniqueIdentifier>
      <Extensions>rc;ico;cur;bmp;dlg;rc2;rct;bin;rgs;gif;jpg;jpeg;jpe;resx;tiff;tif;png;wav;mfcribbon-ms</Extensions>
    </Filter>
  </ItemGroup>
  <ItemGroup>
    <None Include="PiBot.ino" />
  </ItemGroup>
  <ItemGroup>
    <ClInclude Include="Visual Micro\.PiBot.vsarduino.h">
      <Filter>Headerdateien</Filter>
    </ClInclude>
    <ClInclude Include="Commands.h">
      <Filter>Headerdateien</Filter>
    </ClInclude>
    <ClInclude Include="Communication.h">
      <Filter>Headerdateien</Filter>
    </ClInclude>
    <ClInclude Include="Configuration.h">
      <Filter>Headerdateien</Filter>
    </ClInclude>
    <ClInclude Include="Eeprom.h">
      <Filter>Headerdateien</Filter>
    </ClInclude>
    <ClInclude Include="Extruder.h">
      <Filter>Headerdateien</Filter>
    </ClInclude>
    <ClInclude Include="FatStructs.h">
      <Filter>Headerdateien</Filter>
    </ClInclude>
    <ClInclude Include="HAL.h">
      <Filter>Headerdateien</Filter>
    </ClInclude>
    <ClInclude Include="OnePageConfigure.h">
      <Filter>Headerdateien</Filter>
    </ClInclude>
    <ClInclude Include="PiBot.h">
      <Filter>Headerdateien</Filter>
    </ClInclude>
    <ClInclude Include="Printer.h">
      <Filter>Headerdateien</Filter>
    </ClInclude>
    <ClInclude Include="SdFat.h">
      <Filter>Headerdateien</Filter>
    </ClInclude>
    <ClInclude Include="fastio.h">
      <Filter>Headerdateien</Filter>
    </ClInclude>
    <ClInclude Include="gcode.h">
      <Filter>Headerdateien</Filter>
    </ClInclude>
    <ClInclude Include="motion.h">
      <Filter>Headerdateien</Filter>
    </ClInclude>
    <ClInclude Include="pins.h">
      <Filter>Headerdateien</Filter>
    </ClInclude>
    <ClInclude Include="u8glib_ex.h">
      <Filter>Headerdateien</Filter>
    </ClInclude>
    <ClInclude Include="ui.h">
      <Filter>Headerdateien</Filter>
    </ClInclude>
    <ClInclude Include="uiconfig.h">
      <Filter>Headerdateien</Filter>
    </ClInclude>
    <ClInclude Include="uilang.h">
      <Filter>Headerdateien</Filter>
    </ClInclude>
    <ClInclude Include="uimenu.h">
      <Filter>Headerdateien</Filter>
    </ClInclude>
  </ItemGroup>
  <ItemGroup>
    <ClCompile Include="Commands.cpp">
      <Filter>Quelldateien</Filter>
    </ClCompile>
    <ClCompile Include="Communication.cpp">
      <Filter>Quelldateien</Filter>
    </ClCompile>
    <ClCompile Include="Eeprom.cpp">
      <Filter>Quelldateien</Filter>
    </ClCompile>
    <ClCompile Include="Extruder.cpp">
      <Filter>Quelldateien</Filter>
    </ClCompile>
    <ClCompile Include="HAL.cpp">
      <Filter>Quelldateien</Filter>
    </ClCompile>
    <ClCompile Include="Printer.cpp">
      <Filter>Quelldateien</Filter>
    </ClCompile>
    <ClCompile Include="SDCard.cpp">
      <Filter>Quelldateien</Filter>
    </ClCompile>
    <ClCompile Include="SdFat.cpp">
      <Filter>Quelldateien</Filter>
    </ClCompile>
    <ClCompile Include="gcode.cpp">
      <Filter>Quelldateien</Filter>
    </ClCompile>
    <ClCompile Include="motion.cpp">
      <Filter>Quelldateien</Filter>
    </ClCompile>
    <ClCompile Include="ui.cpp">
      <Filter>Quelldateien</Filter>
    </ClCompile>
  </ItemGroup>
</Project>